{
    "_readme": [
        "This file locks the dependencies of your project to a known state",
        "Read more about it at http://getcomposer.org/doc/01-basic-usage.md#composer-lock-the-lock-file",
        "This file is @generated automatically"
    ],
    "hash": "f2e82a9ef8b3565ca909ee8778527618",
    "packages": [
        {
            "name": "composer/composer",
            "version": "1.0.0-alpha8",
            "source": {
                "type": "git",
                "url": "https://github.com/composer/composer.git",
                "reference": "1eb1df44a97fb2daca1bb8b007f3bee012f0aa46"
            },
            "dist": {
                "type": "zip",
                "url": "https://api.github.com/repos/composer/composer/zipball/1eb1df44a97fb2daca1bb8b007f3bee012f0aa46",
                "reference": "1eb1df44a97fb2daca1bb8b007f3bee012f0aa46",
                "shasum": ""
            },
            "require": {
                "justinrainbow/json-schema": "1.1.*",
                "php": ">=5.3.2",
                "seld/jsonlint": "1.*",
                "symfony/console": "~2.3",
                "symfony/finder": "~2.2",
                "symfony/process": "~2.1"
            },
            "require-dev": {
                "phpunit/phpunit": "~3.7.10"
            },
            "suggest": {
                "ext-openssl": "Enabling the openssl extension allows you to access https URLs for repositories and packages",
                "ext-zip": "Enabling the zip extension allows you to unzip archives, and allows gzip compression of all internet traffic"
            },
            "bin": [
                "bin/composer"
            ],
            "type": "library",
            "extra": {
                "branch-alias": {
                    "dev-master": "1.0-dev"
                }
            },
            "autoload": {
                "psr-0": {
                    "Composer": "src/"
                }
            },
            "notification-url": "https://packagist.org/downloads/",
            "license": [
                "MIT"
            ],
            "authors": [
                {
                    "name": "Jordi Boggiano",
                    "email": "j.boggiano@seld.be",
                    "homepage": "http://seld.be",
                    "role": "Developer"
                },
                {
                    "name": "Nils Adermann",
                    "email": "naderman@naderman.de",
                    "homepage": "http://www.naderman.de",
                    "role": "Developer"
                }
            ],
            "description": "Dependency Manager",
            "homepage": "http://getcomposer.org/",
            "keywords": [
                "autoload",
                "dependency",
                "package"
            ],
            "time": "2014-01-06 18:39:59"
        },
        {
            "name": "drupal/drupal",
            "version": "7.31.0",
            "source": {
                "type": "git",
                "url": "http://git.drupal.org/project/drupal",
                "reference": "b188e90ff3735804dd048779184c381dad163e45"
            },
            "dist": {
                "type": "zip",
                "url": "http://ftp.drupal.org/files/projects/drupal-7.31.zip",
                "reference": null,
                "shasum": null
            },
            "replace": {
                "drupal/aggregator": "self.version",
                "drupal/bartik": "self.version",
                "drupal/block": "self.version",
                "drupal/blog": "self.version",
                "drupal/book": "self.version",
                "drupal/color": "self.version",
                "drupal/comment": "self.version",
                "drupal/contact": "self.version",
                "drupal/contextual": "self.version",
                "drupal/dashboard": "self.version",
                "drupal/dblog": "self.version",
                "drupal/field": "self.version",
                "drupal/field_sql_storage": "self.version",
                "drupal/field_ui": "self.version",
                "drupal/file": "self.version",
                "drupal/filter": "self.version",
                "drupal/forum": "self.version",
                "drupal/garland": "self.version",
                "drupal/help": "self.version",
                "drupal/image": "self.version",
                "drupal/list": "self.version",
                "drupal/locale": "self.version",
                "drupal/menu": "self.version",
                "drupal/minimal": "self.version",
                "drupal/node": "self.version",
                "drupal/number": "self.version",
                "drupal/openid": "self.version",
                "drupal/options": "self.version",
                "drupal/overlay": "self.version",
                "drupal/path": "self.version",
                "drupal/php": "self.version",
                "drupal/poll": "self.version",
                "drupal/profile": "self.version",
                "drupal/rdf": "self.version",
                "drupal/search": "self.version",
                "drupal/seven": "self.version",
                "drupal/shortcut": "self.version",
                "drupal/standard": "self.version",
                "drupal/stark": "self.version",
                "drupal/statistics": "self.version",
                "drupal/syslog": "self.version",
                "drupal/system": "self.version",
                "drupal/taxonomy": "self.version",
                "drupal/text": "self.version",
                "drupal/toolbar": "self.version",
                "drupal/tracker": "self.version",
                "drupal/translation": "self.version",
                "drupal/trigger": "self.version",
                "drupal/update": "self.version",
                "drupal/user": "self.version"
            },
            "type": "library",
            "extra": {
                "branch-alias": {
                    "dev-7.x-": "7.x-dev"
                }
            },
            "description": "Handles general site configuration for administrators."
        },
        {
            "name": "drupal/drupalctl",
            "version": "dev-master",
            "source": {
                "type": "git",
                "url": "https://github.com/winmillwill/drupalctl.git",
                "reference": "05130b80c55105294852734e561cb110c672a0ca"
            },
            "dist": {
                "type": "zip",
                "url": "https://api.github.com/repos/winmillwill/drupalctl/zipball/05130b80c55105294852734e561cb110c672a0ca",
                "reference": "05130b80c55105294852734e561cb110c672a0ca",
                "shasum": ""
            },
            "require": {
                "drupal/drupal": "7.*",
                "drupal/tangler": "~0.1.8",
                "winmillwill/settings_compile": "~2.0"
            },
            "bin": [
                "bin/drupalctl"
            ],
            "type": "library",
            "autoload": {
                "psr-4": {
                    "DrupalCtl\\": "src/"
                }
            },
            "notification-url": "https://packagist.org/downloads/",
            "time": "2014-08-18 18:28:42"
        },
        {
            "name": "drupal/kw_manifests",
            "version": "1.0.1",
            "source": {
                "type": "git",
                "url": "https://github.com/promet/kw_manifests.git",
                "reference": "68eca6342bb3265898b650228dada9779032845e"
            },
            "dist": {
                "type": "zip",
                "url": "https://api.github.com/repos/promet/kw_manifests/zipball/68eca6342bb3265898b650228dada9779032845e",
                "reference": "68eca6342bb3265898b650228dada9779032845e",
                "shasum": ""
            },
            "require": {
                "drupal/drupal": "7.*",
                "drush/drush": "6.*"
            },
            "type": "drupal-module",
            "support": {
                "source": "https://github.com/promet/kw_manifests/tree/1.0.1"
            },
            "time": "2014-08-14 21:30:55"
        },
        {
            "name": "drupal/tangler",
            "version": "0.1.8",
            "source": {
                "type": "git",
                "url": "https://github.com/winmillwill/drupal-tangler.git",
                "reference": "b2bb32298174ea046eec8521c78d123d13f7e2b6"
            },
            "dist": {
                "type": "zip",
                "url": "https://api.github.com/repos/winmillwill/drupal-tangler/zipball/b2bb32298174ea046eec8521c78d123d13f7e2b6",
                "reference": "b2bb32298174ea046eec8521c78d123d13f7e2b6",
                "shasum": ""
            },
            "require": {
                "composer/composer": "~1.0@alpha",
                "symfony/console": "*",
                "symfony/filesystem": "*@stable",
                "symfony/finder": "*@stable"
            },
            "bin": [
                "bin/drupal_tangle"
            ],
            "type": "library",
            "autoload": {
                "psr-4": {
                    "Drupal\\Tangler\\": "src/"
                }
            },
            "notification-url": "https://packagist.org/downloads/",
            "time": "2014-08-17 20:22:50"
        },
        {
            "name": "drush/drush",
            "version": "6.4.0",
            "source": {
                "type": "git",
                "url": "https://github.com/drush-ops/drush.git",
                "reference": "fd4baef529c5d8afd6a44eea8f42b169b0a087e6"
            },
            "dist": {
                "type": "zip",
                "url": "https://api.github.com/repos/drush-ops/drush/zipball/fd4baef529c5d8afd6a44eea8f42b169b0a087e6",
                "reference": "fd4baef529c5d8afd6a44eea8f42b169b0a087e6",
                "shasum": ""
            },
            "require": {
                "php": ">=5.3.0"
            },
            "require-dev": {
                "phpunit/phpunit": ">=3.5"
            },
            "bin": [
                "drush",
                "drush.php",
                "drush.bat",
                "drush.complete.sh"
            ],
            "type": "library",
            "notification-url": "https://packagist.org/downloads/",
            "license": [
                "GPL-2.0+"
            ],
            "authors": [
                {
                    "name": "Moshe Weitzman",
                    "email": "weitzman@tejasa.com"
                },
                {
                    "name": "Owen Barton",
                    "email": "drupal@owenbarton.com"
                },
                {
                    "name": "Mark Sonnabaum",
                    "email": "marksonnabaum@gmail.com"
                },
                {
                    "name": "Antoine Beaupré",
                    "email": "anarcat@koumbit.org"
                },
                {
                    "name": "Greg Anderson",
                    "email": "greg.1.anderson@greenknowe.org"
                },
                {
                    "name": "Jonathan Araña Cruz",
                    "email": "jonhattan@faita.net"
                },
                {
                    "name": "Jonathan Hedstrom",
                    "email": "jhedstrom@gmail.com"
                }
            ],
            "description": "Drush is a command line shell and scripting interface for Drupal, a veritable Swiss Army knife designed to make life easier for those of us who spend some of our working hours hacking away at the command prompt.",
            "homepage": "http://www.drush.org",
            "time": "2014-08-29 02:23:51"
        },
        {
            "name": "justinrainbow/json-schema",
            "version": "1.1.0",
            "source": {
                "type": "git",
                "url": "https://github.com/justinrainbow/json-schema.git",
                "reference": "05ff6d8d79fe3ad190b0663d80d3f9deee79416c"
            },
            "dist": {
                "type": "zip",
                "url": "https://api.github.com/repos/justinrainbow/json-schema/zipball/05ff6d8d79fe3ad190b0663d80d3f9deee79416c",
                "reference": "05ff6d8d79fe3ad190b0663d80d3f9deee79416c",
                "shasum": ""
            },
            "require": {
                "php": ">=5.3.0"
            },
            "type": "library",
            "autoload": {
                "psr-0": {
                    "JsonSchema": "src/"
                }
            },
            "notification-url": "https://packagist.org/downloads/",
            "license": [
                "NewBSD"
            ],
            "authors": [
                {
                    "name": "Igor Wiedler",
                    "email": "igor@wiedler.ch",
                    "homepage": "http://wiedler.ch/igor/"
                },
                {
                    "name": "Bruno Prieto Reis",
                    "email": "bruno.p.reis@gmail.com"
                },
                {
                    "name": "Justin Rainbow",
                    "email": "justin.rainbow@gmail.com"
                },
                {
                    "name": "Robert Schönthal",
                    "email": "robert.schoenthal@gmail.com",
                    "homepage": "http://digitalkaoz.net"
                }
            ],
            "description": "A library to validate a json schema.",
            "homepage": "https://github.com/justinrainbow/json-schema",
            "keywords": [
                "json",
                "schema"
            ],
            "time": "2012-01-03 00:33:17"
        },
        {
            "name": "seld/jsonlint",
            "version": "1.2.0",
            "source": {
                "type": "git",
                "url": "https://github.com/Seldaek/jsonlint.git",
                "reference": "9cae56dbe34f4392e7d0f559474df33749a39f8d"
            },
            "dist": {
                "type": "zip",
                "url": "https://api.github.com/repos/Seldaek/jsonlint/zipball/9cae56dbe34f4392e7d0f559474df33749a39f8d",
                "reference": "9cae56dbe34f4392e7d0f559474df33749a39f8d",
                "shasum": ""
            },
            "require": {
                "php": ">=5.3.0"
            },
            "bin": [
                "bin/jsonlint"
            ],
            "type": "library",
            "autoload": {
                "psr-4": {
                    "Seld\\JsonLint\\": "src/Seld/JsonLint/"
                }
            },
            "notification-url": "https://packagist.org/downloads/",
            "license": [
                "MIT"
            ],
            "authors": [
                {
                    "name": "Jordi Boggiano",
                    "email": "j.boggiano@seld.be",
                    "homepage": "http://seld.be"
                }
            ],
            "description": "JSON Linter",
            "keywords": [
                "json",
                "linter",
                "parser",
                "validator"
            ],
            "time": "2014-07-20 17:36:11"
        },
        {
            "name": "symfony/config",
            "version": "v2.5.3",
            "target-dir": "Symfony/Component/Config",
            "source": {
                "type": "git",
                "url": "https://github.com/symfony/Config.git",
                "reference": "8d044668c7ccb4ade684e368d910e3aadcff6f6c"
            },
            "dist": {
                "type": "zip",
                "url": "https://api.github.com/repos/symfony/Config/zipball/8d044668c7ccb4ade684e368d910e3aadcff6f6c",
                "reference": "8d044668c7ccb4ade684e368d910e3aadcff6f6c",
                "shasum": ""
            },
            "require": {
                "php": ">=5.3.3",
                "symfony/filesystem": "~2.3"
            },
            "type": "library",
            "extra": {
                "branch-alias": {
                    "dev-master": "2.5-dev"
                }
            },
            "autoload": {
                "psr-0": {
                    "Symfony\\Component\\Config\\": ""
                }
            },
            "notification-url": "https://packagist.org/downloads/",
            "license": [
                "MIT"
            ],
            "authors": [
                {
                    "name": "Symfony Community",
                    "homepage": "http://symfony.com/contributors"
                },
                {
                    "name": "Fabien Potencier",
                    "email": "fabien@symfony.com"
                }
            ],
            "description": "Symfony Config Component",
            "homepage": "http://symfony.com",
            "time": "2014-08-05 09:00:40"
        },
        {
            "name": "symfony/console",
            "version": "v2.5.3",
            "target-dir": "Symfony/Component/Console",
            "source": {
                "type": "git",
                "url": "https://github.com/symfony/Console.git",
                "reference": "cd2d1e4bac2206b337326b0140ff475fe9ad5f63"
            },
            "dist": {
                "type": "zip",
                "url": "https://api.github.com/repos/symfony/Console/zipball/cd2d1e4bac2206b337326b0140ff475fe9ad5f63",
                "reference": "cd2d1e4bac2206b337326b0140ff475fe9ad5f63",
                "shasum": ""
            },
            "require": {
                "php": ">=5.3.3"
            },
            "require-dev": {
                "psr/log": "~1.0",
                "symfony/event-dispatcher": "~2.1"
            },
            "suggest": {
                "psr/log": "For using the console logger",
                "symfony/event-dispatcher": ""
            },
            "type": "library",
            "extra": {
                "branch-alias": {
                    "dev-master": "2.5-dev"
                }
            },
            "autoload": {
                "psr-0": {
                    "Symfony\\Component\\Console\\": ""
                }
            },
            "notification-url": "https://packagist.org/downloads/",
            "license": [
                "MIT"
            ],
            "authors": [
                {
                    "name": "Symfony Community",
                    "homepage": "http://symfony.com/contributors"
                },
                {
                    "name": "Fabien Potencier",
                    "email": "fabien@symfony.com"
                }
            ],
            "description": "Symfony Console Component",
            "homepage": "http://symfony.com",
            "time": "2014-08-05 09:00:40"
        },
        {
            "name": "symfony/filesystem",
            "version": "v2.5.3",
            "target-dir": "Symfony/Component/Filesystem",
            "source": {
                "type": "git",
                "url": "https://github.com/symfony/Filesystem.git",
                "reference": "c1309b0ee195ad264a4314435bdaecdfacb8ae9c"
            },
            "dist": {
                "type": "zip",
                "url": "https://api.github.com/repos/symfony/Filesystem/zipball/c1309b0ee195ad264a4314435bdaecdfacb8ae9c",
                "reference": "c1309b0ee195ad264a4314435bdaecdfacb8ae9c",
                "shasum": ""
            },
            "require": {
                "php": ">=5.3.3"
            },
            "type": "library",
            "extra": {
                "branch-alias": {
                    "dev-master": "2.5-dev"
                }
            },
            "autoload": {
                "psr-0": {
                    "Symfony\\Component\\Filesystem\\": ""
                }
            },
            "notification-url": "https://packagist.org/downloads/",
            "license": [
                "MIT"
            ],
            "authors": [
                {
                    "name": "Symfony Community",
                    "homepage": "http://symfony.com/contributors"
                },
                {
                    "name": "Fabien Potencier",
                    "email": "fabien@symfony.com"
                }
            ],
            "description": "Symfony Filesystem Component",
            "homepage": "http://symfony.com",
            "time": "2014-07-09 09:05:48"
        },
        {
            "name": "symfony/finder",
            "version": "v2.5.3",
            "target-dir": "Symfony/Component/Finder",
            "source": {
                "type": "git",
                "url": "https://github.com/symfony/Finder.git",
                "reference": "090fe4eaff414d8f2171c7a4748ea868d530775f"
            },
            "dist": {
                "type": "zip",
                "url": "https://api.github.com/repos/symfony/Finder/zipball/090fe4eaff414d8f2171c7a4748ea868d530775f",
                "reference": "090fe4eaff414d8f2171c7a4748ea868d530775f",
                "shasum": ""
            },
            "require": {
                "php": ">=5.3.3"
            },
            "type": "library",
            "extra": {
                "branch-alias": {
                    "dev-master": "2.5-dev"
                }
            },
            "autoload": {
                "psr-0": {
                    "Symfony\\Component\\Finder\\": ""
                }
            },
            "notification-url": "https://packagist.org/downloads/",
            "license": [
                "MIT"
            ],
            "authors": [
                {
                    "name": "Symfony Community",
                    "homepage": "http://symfony.com/contributors"
                },
                {
                    "name": "Fabien Potencier",
                    "email": "fabien@symfony.com"
                }
            ],
            "description": "Symfony Finder Component",
            "homepage": "http://symfony.com",
            "time": "2014-07-28 13:20:46"
        },
        {
            "name": "symfony/process",
            "version": "v2.5.3",
            "target-dir": "Symfony/Component/Process",
            "source": {
                "type": "git",
                "url": "https://github.com/symfony/Process.git",
                "reference": "e0997d2a9a1a763484b34b989900b61322a9b056"
            },
            "dist": {
                "type": "zip",
                "url": "https://api.github.com/repos/symfony/Process/zipball/e0997d2a9a1a763484b34b989900b61322a9b056",
                "reference": "e0997d2a9a1a763484b34b989900b61322a9b056",
                "shasum": ""
            },
            "require": {
                "php": ">=5.3.3"
            },
            "type": "library",
            "extra": {
                "branch-alias": {
                    "dev-master": "2.5-dev"
                }
            },
            "autoload": {
                "psr-0": {
                    "Symfony\\Component\\Process\\": ""
                }
            },
            "notification-url": "https://packagist.org/downloads/",
            "license": [
                "MIT"
            ],
            "authors": [
                {
                    "name": "Symfony Community",
                    "homepage": "http://symfony.com/contributors"
                },
                {
                    "name": "Fabien Potencier",
                    "email": "fabien@symfony.com"
                }
            ],
            "description": "Symfony Process Component",
            "homepage": "http://symfony.com",
            "time": "2014-08-05 09:00:40"
        },
        {
            "name": "symfony/yaml",
            "version": "v2.5.3",
            "target-dir": "Symfony/Component/Yaml",
            "source": {
                "type": "git",
                "url": "https://github.com/symfony/Yaml.git",
                "reference": "5a75366ae9ca8b4792cd0083e4ca4dff9fe96f1f"
            },
            "dist": {
                "type": "zip",
                "url": "https://api.github.com/repos/symfony/Yaml/zipball/5a75366ae9ca8b4792cd0083e4ca4dff9fe96f1f",
                "reference": "5a75366ae9ca8b4792cd0083e4ca4dff9fe96f1f",
                "shasum": ""
            },
            "require": {
                "php": ">=5.3.3"
            },
            "type": "library",
            "extra": {
                "branch-alias": {
                    "dev-master": "2.5-dev"
                }
            },
            "autoload": {
                "psr-0": {
                    "Symfony\\Component\\Yaml\\": ""
                }
            },
            "notification-url": "https://packagist.org/downloads/",
            "license": [
                "MIT"
            ],
            "authors": [
                {
                    "name": "Symfony Community",
                    "homepage": "http://symfony.com/contributors"
                },
                {
                    "name": "Fabien Potencier",
                    "email": "fabien@symfony.com"
                }
            ],
            "description": "Symfony Yaml Component",
            "homepage": "http://symfony.com",
            "time": "2014-08-05 09:00:40"
        },
        {
            "name": "winmillwill/settings_compile",
            "version": "2.1.0",
            "source": {
                "type": "git",
                "url": "https://github.com/winmillwill/settings_compile.git",
                "reference": "c186f6d3bcd892b994f53d5e5bb1f9dad652e96c"
            },
            "dist": {
                "type": "zip",
                "url": "https://api.github.com/repos/winmillwill/settings_compile/zipball/c186f6d3bcd892b994f53d5e5bb1f9dad652e96c",
                "reference": "c186f6d3bcd892b994f53d5e5bb1f9dad652e96c",
                "shasum": ""
            },
            "require": {
                "symfony/config": "*",
                "symfony/yaml": "*"
            },
            "require-dev": {
                "phpunit/phpunit": "*"
            },
            "bin": [
                "bin/settings_compile"
            ],
            "type": "library",
            "autoload": {
                "psr-4": {
                    "Drupal\\Settings\\": "src/"
                }
            },
            "notification-url": "https://packagist.org/downloads/",
            "authors": [
                {
                    "name": "Will Milton",
                    "email": "wa.milton@gmail.com"
                }
            ],
            "time": "2014-07-30 17:44:13"
        }
    ],
    "packages-dev": [
        {
            "name": "nikic/php-parser",
            "version": "v0.9.5",
            "source": {
                "type": "git",
                "url": "https://github.com/nikic/PHP-Parser.git",
                "reference": "ef70767475434bdb3615b43c327e2cae17ef12eb"
            },
            "dist": {
                "type": "zip",
                "url": "https://api.github.com/repos/nikic/PHP-Parser/zipball/ef70767475434bdb3615b43c327e2cae17ef12eb",
                "reference": "ef70767475434bdb3615b43c327e2cae17ef12eb",
                "shasum": ""
            },
            "require": {
                "ext-tokenizer": "*",
                "php": ">=5.2"
            },
            "type": "library",
            "extra": {
                "branch-alias": {
                    "dev-master": "0.9-dev"
                }
            },
            "autoload": {
                "psr-0": {
                    "PHPParser": "lib/"
                }
            },
            "notification-url": "https://packagist.org/downloads/",
            "license": [
                "BSD-3-Clause"
            ],
            "authors": [
                {
                    "name": "Nikita Popov"
                }
            ],
            "description": "A PHP parser written in PHP",
            "keywords": [
                "parser",
                "php"
            ],
            "time": "2014-07-23 18:24:17"
        },
        {
            "name": "phpdocumentor/reflection-docblock",
            "version": "2.0.3",
            "source": {
                "type": "git",
                "url": "https://github.com/phpDocumentor/ReflectionDocBlock.git",
                "reference": "38743b677965c48a637097b2746a281264ae2347"
            },
            "dist": {
                "type": "zip",
                "url": "https://api.github.com/repos/phpDocumentor/ReflectionDocBlock/zipball/38743b677965c48a637097b2746a281264ae2347",
                "reference": "38743b677965c48a637097b2746a281264ae2347",
                "shasum": ""
            },
            "require": {
                "php": ">=5.3.3"
            },
            "require-dev": {
                "phpunit/phpunit": "3.7.*@stable"
            },
            "suggest": {
                "dflydev/markdown": "1.0.*",
                "erusev/parsedown": "~0.7"
            },
            "type": "library",
            "extra": {
                "branch-alias": {
                    "dev-master": "2.0.x-dev"
                }
            },
            "autoload": {
                "psr-0": {
                    "phpDocumentor": [
                        "src/"
                    ]
                }
            },
            "notification-url": "https://packagist.org/downloads/",
            "license": [
                "MIT"
            ],
            "authors": [
                {
                    "name": "Mike van Riel",
                    "email": "mike.vanriel@naenius.com"
                }
            ],
            "time": "2014-08-09 10:27:07"
        },
        {
            "name": "phpspec/php-diff",
            "version": "v1.0.2",
            "source": {
                "type": "git",
                "url": "https://github.com/phpspec/php-diff.git",
                "reference": "30e103d19519fe678ae64a60d77884ef3d71b28a"
            },
            "dist": {
                "type": "zip",
                "url": "https://api.github.com/repos/phpspec/php-diff/zipball/30e103d19519fe678ae64a60d77884ef3d71b28a",
                "reference": "30e103d19519fe678ae64a60d77884ef3d71b28a",
                "shasum": ""
            },
            "type": "library",
            "autoload": {
                "psr-0": {
                    "Diff": "lib/"
                }
            },
            "notification-url": "https://packagist.org/downloads/",
            "license": [
                "BSD-3-Clause"
            ],
            "authors": [
                {
                    "name": "Chris Boulton",
                    "homepage": "http://github.com/chrisboulton",
                    "role": "Original developer"
                }
            ],
            "description": "A comprehensive library for generating differences between two hashable objects (strings or arrays).",
            "time": "2013-11-01 13:02:21"
        },
        {
            "name": "phpspec/phpspec",
            "version": "2.0.1",
            "source": {
                "type": "git",
                "url": "https://github.com/phpspec/phpspec.git",
                "reference": "61712147412cb647b6cb68b19833a60bfda759a1"
            },
            "dist": {
                "type": "zip",
                "url": "https://api.github.com/repos/phpspec/phpspec/zipball/61712147412cb647b6cb68b19833a60bfda759a1",
                "reference": "61712147412cb647b6cb68b19833a60bfda759a1",
                "shasum": ""
            },
            "require": {
                "php": ">=5.3.3",
                "phpspec/php-diff": "~1.0.0",
                "phpspec/prophecy": "~1.1",
                "symfony/console": "~2.1",
                "symfony/event-dispatcher": "~2.1",
                "symfony/finder": "~2.1",
                "symfony/yaml": "~2.1"
            },
            "require-dev": {
                "behat/behat": "~2.5",
                "bossa/phpspec2-expect": "dev-master",
                "symfony/filesystem": "~2.1"
            },
            "suggest": {
                "phpspec/nyan-formatters": "~1.0 – Adds Nyan formatters"
            },
            "bin": [
                "bin/phpspec"
            ],
            "type": "library",
            "extra": {
                "branch-alias": {
                    "dev-master": "2.0.x-dev"
                }
            },
            "autoload": {
                "psr-0": {
                    "PhpSpec": "src/"
                }
            },
            "notification-url": "https://packagist.org/downloads/",
            "license": [
                "MIT"
            ],
            "authors": [
                {
                    "name": "Konstantin Kudryashov",
                    "email": "ever.zet@gmail.com",
                    "homepage": "http://everzet.com"
                },
                {
                    "name": "Marcello Duarte",
                    "homepage": "http://marcelloduarte.net/"
                }
            ],
            "description": "Specification-oriented BDD framework for PHP 5.3+",
            "homepage": "http://phpspec.net/",
            "keywords": [
                "BDD",
                "SpecBDD",
                "TDD",
                "spec",
                "specification",
                "testing",
                "tests"
            ],
            "time": "2014-07-01 14:09:19"
        },
        {
            "name": "phpspec/prophecy",
            "version": "v1.2.0",
            "source": {
                "type": "git",
                "url": "https://github.com/phpspec/prophecy.git",
                "reference": "328484c88ed3cd7d1980b624bb98fa635f212ec9"
            },
            "dist": {
                "type": "zip",
                "url": "https://api.github.com/repos/phpspec/prophecy/zipball/328484c88ed3cd7d1980b624bb98fa635f212ec9",
                "reference": "328484c88ed3cd7d1980b624bb98fa635f212ec9",
                "shasum": ""
            },
            "require": {
                "phpdocumentor/reflection-docblock": "~2.0"
            },
            "require-dev": {
                "phpspec/phpspec": "~2.0"
            },
            "type": "library",
            "extra": {
                "branch-alias": {
                    "dev-master": "1.2.x-dev"
                }
            },
            "autoload": {
                "psr-0": {
                    "Prophecy\\": "src/"
                }
            },
            "notification-url": "https://packagist.org/downloads/",
            "license": [
                "MIT"
            ],
            "authors": [
                {
                    "name": "Konstantin Kudryashov",
                    "email": "ever.zet@gmail.com",
                    "homepage": "http://everzet.com"
                },
                {
                    "name": "Marcello Duarte",
                    "email": "marcello.duarte@gmail.com"
                }
            ],
            "description": "Highly opinionated mocking framework for PHP 5.3+",
            "homepage": "http://phpspec.org",
            "keywords": [
                "Double",
                "Dummy",
                "fake",
                "mock",
                "spy",
                "stub"
            ],
            "time": "2014-07-18 21:26:55"
        },
        {
            "name": "psy/psysh",
            "version": "v0.1.12",
            "source": {
                "type": "git",
                "url": "https://github.com/bobthecow/psysh.git",
                "reference": "b69799e14bea3c0e3d0f3e99dabe2026303ef21f"
            },
            "dist": {
                "type": "zip",
                "url": "https://api.github.com/repos/bobthecow/psysh/zipball/b69799e14bea3c0e3d0f3e99dabe2026303ef21f",
                "reference": "b69799e14bea3c0e3d0f3e99dabe2026303ef21f",
                "shasum": ""
            },
            "require": {
                "nikic/php-parser": "~0.9.3",
                "php": ">=5.3.0",
                "symfony/console": ">=2.3.10, <2.6.0"
            },
            "require-dev": {
                "phpunit/phpunit": ">=3.7, <4.1",
                "symfony/finder": "~2.1"
            },
            "suggest": {
                "ext-pcntl": "Enabling the PCNTL extension makes PsySH a lot happier :)"
            },
            "bin": [
                "bin/psysh"
            ],
            "type": "library",
            "extra": {
                "branch-alias": {
                    "dev-master": "0.1.0-dev"
                }
            },
            "autoload": {
                "psr-0": {
                    "Psy\\": "src/"
                }
            },
            "notification-url": "https://packagist.org/downloads/",
            "license": [
                "MIT"
            ],
            "authors": [
                {
                    "name": "Justin Hileman",
                    "email": "justin@justinhileman.info",
                    "homepage": "http://justinhileman.com"
                }
            ],
            "description": "An interactive shell for modern PHP.",
            "homepage": "https://github.com/bobthecow/psysh",
            "keywords": [
                "REPL",
                "console",
                "interactive",
                "shell"
            ],
            "time": "2014-08-16 06:49:39"
        },
        {
            "name": "symfony/event-dispatcher",
            "version": "v2.5.3",
            "target-dir": "Symfony/Component/EventDispatcher",
            "source": {
                "type": "git",
                "url": "https://github.com/symfony/EventDispatcher.git",
                "reference": "8faf5cc7e80fde74a650a36e60d32ce3c3e0457b"
            },
            "dist": {
                "type": "zip",
                "url": "https://api.github.com/repos/symfony/EventDispatcher/zipball/8faf5cc7e80fde74a650a36e60d32ce3c3e0457b",
                "reference": "8faf5cc7e80fde74a650a36e60d32ce3c3e0457b",
                "shasum": ""
            },
            "require": {
                "php": ">=5.3.3"
            },
            "require-dev": {
                "psr/log": "~1.0",
                "symfony/config": "~2.0",
                "symfony/dependency-injection": "~2.0",
                "symfony/stopwatch": "~2.2"
            },
            "suggest": {
                "symfony/dependency-injection": "",
                "symfony/http-kernel": ""
            },
            "type": "library",
            "extra": {
                "branch-alias": {
                    "dev-master": "2.5-dev"
                }
            },
            "autoload": {
                "psr-0": {
                    "Symfony\\Component\\EventDispatcher\\": ""
                }
            },
            "notification-url": "https://packagist.org/downloads/",
            "license": [
                "MIT"
            ],
            "authors": [
                {
                    "name": "Symfony Community",
                    "homepage": "http://symfony.com/contributors"
                },
                {
                    "name": "Fabien Potencier",
                    "email": "fabien@symfony.com"
                }
            ],
            "description": "Symfony EventDispatcher Component",
            "homepage": "http://symfony.com",
            "time": "2014-07-28 13:20:46"
        }
    ],
    "aliases": [

    ],
    "minimum-stability": "stable",
    "stability-flags": {
        "drupal/drupalctl": 20,
        "composer/composer": 15
    },
    "prefer-stable": false,
    "platform": [

    ],
    "platform-dev": [

    ]
}
